
Microsoft Visual Studio Solution File, Format Version 10.00
# Visual C++ Express 2008
Project("{8BC9CEB8-8B4A-11D0-8D11-00A0C91BC942}") = "CanFestival-3", "CanFestival-3.vc8.vcproj", "{50EF2507-9B87-4525-8B19-80EB42E67079}"
EndProject
Project("{8BC9CEB8-8B4A-11D0-8D11-00A0C91BC942}") = "can_uvccm_win32", "drivers\can_uvccm_win32\can_uvccm_win32.vcproj", "{39E3300A-29B4-4AA7-AF62-3B181FC26155}"
EndProject
Project("{8BC9CEB8-8B4A-11D0-8D11-00A0C91BC942}") = "can_peak_win32", "drivers\can_peak_win32\can_peak_win32.vcproj", "{732EC5B6-C6F1-4783-9BC8-924FFF67BF5A}"
EndProject
Project("{8BC9CEB8-8B4A-11D0-8D11-00A0C91BC942}") = "TestMasterSlave", "examples\TestMasterSlave\TestMasterSlave.vcproj", "{B51A176D-5320-4534-913B-3025CED5B27E}"
	ProjectSection(ProjectDependencies) = postProject
		{50EF2507-9B87-4525-8B19-80EB42E67079} = {50EF2507-9B87-4525-8B19-80EB42E67079}
	EndProjectSection
EndProject
Project("{8BC9CEB8-8B4A-11D0-8D11-00A0C91BC942}") = "can_ixxat_win32", "drivers\can_ixxat_win32\can_ixxat_win32.vc8.vcproj", "{8F57E7FF-1B73-4134-A2B2-9C0EADB2AEFB}"
EndProject
Global
	GlobalSection(SolutionConfigurationPlatforms) = preSolution
		Debug UNICODE|Win32 = Debug UNICODE|Win32
		Debug|Win32 = Debug|Win32
		Release UNICODE|Win32 = Release UNICODE|Win32
		Release|Win32 = Release|Win32
	EndGlobalSection
	GlobalSection(ProjectConfigurationPlatforms) = postSolution
		{50EF2507-9B87-4525-8B19-80EB42E67079}.Debug UNICODE|Win32.ActiveCfg = Debug|Win32
		{50EF2507-9B87-4525-8B19-80EB42E67079}.Debug UNICODE|Win32.Build.0 = Debug|Win32
		{50EF2507-9B87-4525-8B19-80EB42E67079}.Debug|Win32.ActiveCfg = Debug|Win32
		{50EF2507-9B87-4525-8B19-80EB42E67079}.Debug|Win32.Build.0 = Debug|Win32
		{50EF2507-9B87-4525-8B19-80EB42E67079}.Release UNICODE|Win32.ActiveCfg = Release|Win32
		{50EF2507-9B87-4525-8B19-80EB42E67079}.Release UNICODE|Win32.Build.0 = Release|Win32
		{50EF2507-9B87-4525-8B19-80EB42E67079}.Release|Win32.ActiveCfg = Release|Win32
		{50EF2507-9B87-4525-8B19-80EB42E67079}.Release|Win32.Build.0 = Release|Win32
		{39E3300A-29B4-4AA7-AF62-3B181FC26155}.Debug UNICODE|Win32.ActiveCfg = Debug UNICODE|Win32
		{39E3300A-29B4-4AA7-AF62-3B181FC26155}.Debug UNICODE|Win32.Build.0 = Debug UNICODE|Win32
		{39E3300A-29B4-4AA7-AF62-3B181FC26155}.Debug|Win32.ActiveCfg = Debug|Win32
		{39E3300A-29B4-4AA7-AF62-3B181FC26155}.Debug|Win32.Build.0 = Debug|Win32
		{39E3300A-29B4-4AA7-AF62-3B181FC26155}.Release UNICODE|Win32.ActiveCfg = Release UNICODE|Win32
		{39E3300A-29B4-4AA7-AF62-3B181FC26155}.Release UNICODE|Win32.Build.0 = Release UNICODE|Win32
		{39E3300A-29B4-4AA7-AF62-3B181FC26155}.Release|Win32.ActiveCfg = Release|Win32
		{39E3300A-29B4-4AA7-AF62-3B181FC26155}.Release|Win32.Build.0 = Release|Win32
		{732EC5B6-C6F1-4783-9BC8-924FFF67BF5A}.Debug UNICODE|Win32.ActiveCfg = Debug UNICODE|Win32
		{732EC5B6-C6F1-4783-9BC8-924FFF67BF5A}.Debug UNICODE|Win32.Build.0 = Debug UNICODE|Win32
		{732EC5B6-C6F1-4783-9BC8-924FFF67BF5A}.Debug|Win32.ActiveCfg = Debug|Win32
		{732EC5B6-C6F1-4783-9BC8-924FFF67BF5A}.Debug|Win32.Build.0 = Debug|Win32
		{732EC5B6-C6F1-4783-9BC8-924FFF67BF5A}.Release UNICODE|Win32.ActiveCfg = Release UNICODE|Win32
		{732EC5B6-C6F1-4783-9BC8-924FFF67BF5A}.Release UNICODE|Win32.Build.0 = Release UNICODE|Win32
		{732EC5B6-C6F1-4783-9BC8-924FFF67BF5A}.Release|Win32.ActiveCfg = Release|Win32
		{732EC5B6-C6F1-4783-9BC8-924FFF67BF5A}.Release|Win32.Build.0 = Release|Win32
		{B51A176D-5320-4534-913B-3025CED5B27E}.Debug UNICODE|Win32.ActiveCfg = Debug|Win32
		{B51A176D-5320-4534-913B-3025CED5B27E}.Debug UNICODE|Win32.Build.0 = Debug|Win32
		{B51A176D-5320-4534-913B-3025CED5B27E}.Debug|Win32.ActiveCfg = Debug|Win32
		{B51A176D-5320-4534-913B-3025CED5B27E}.Debug|Win32.Build.0 = Debug|Win32
		{B51A176D-5320-4534-913B-3025CED5B27E}.Release UNICODE|Win32.ActiveCfg = Release|Win32
		{B51A176D-5320-4534-913B-3025CED5B27E}.Release UNICODE|Win32.Build.0 = Release|Win32
		{B51A176D-5320-4534-913B-3025CED5B27E}.Release|Win32.ActiveCfg = Release|Win32
		{B51A176D-5320-4534-913B-3025CED5B27E}.Release|Win32.Build.0 = Release|Win32
		{8F57E7FF-1B73-4134-A2B2-9C0EADB2AEFB}.Debug UNICODE|Win32.ActiveCfg = Debug|Win32
		{8F57E7FF-1B73-4134-A2B2-9C0EADB2AEFB}.Debug UNICODE|Win32.Build.0 = Debug|Win32
		{8F57E7FF-1B73-4134-A2B2-9C0EADB2AEFB}.Debug|Win32.ActiveCfg = Debug|Win32
		{8F57E7FF-1B73-4134-A2B2-9C0EADB2AEFB}.Debug|Win32.Build.0 = Debug|Win32
		{8F57E7FF-1B73-4134-A2B2-9C0EADB2AEFB}.Release UNICODE|Win32.ActiveCfg = Release|Win32
		{8F57E7FF-1B73-4134-A2B2-9C0EADB2AEFB}.Release UNICODE|Win32.Build.0 = Release|Win32
		{8F57E7FF-1B73-4134-A2B2-9C0EADB2AEFB}.Release|Win32.ActiveCfg = Release|Win32
		{8F57E7FF-1B73-4134-A2B2-9C0EADB2AEFB}.Release|Win32.Build.0 = Release|Win32
	EndGlobalSection
	GlobalSection(SolutionProperties) = preSolution
		HideSolutionNode = FALSE
	EndGlobalSection
EndGlobal
